<?xml version="1.0" encoding="utf-8"?>
<Project ToolsVersion="4.0" xmlns="http://schemas.microsoft.com/developer/msbuild/2003">
  <ItemGroup>
    <Filter Include="Source">
      <UniqueIdentifier>{a0f946f3-856a-4fec-8efb-6ce211e48650}</UniqueIdentifier>
    </Filter>
    <Filter Include="Classes &amp; Libraries">
      <UniqueIdentifier>{e6a6570c-ab5d-4a83-9aaf-91ba8de9d594}</UniqueIdentifier>
    </Filter>
    <Filter Include="Classes &amp; Libraries\CSocketServer">
      <UniqueIdentifier>{7eab22bb-7e15-44a2-a5f7-26c1e8c6b090}</UniqueIdentifier>
    </Filter>
    <Filter Include="Classes &amp; Libraries\CStringBuilder">
      <UniqueIdentifier>{c2ad1851-c0d3-44a1-ad05-82b6bf69b6f9}</UniqueIdentifier>
    </Filter>
    <Filter Include="Classes &amp; Libraries\NSWFL">
      <UniqueIdentifier>{d98a5de0-e3fe-4e95-80af-ffc1540d6294}</UniqueIdentifier>
    </Filter>
  </ItemGroup>
  <ItemGroup>
    <ClCompile Include="..\..\..\..\%40Libraries\CSocketServer\CSocketServer.Cpp">
      <Filter>Classes &amp; Libraries\CSocketServer</Filter>
    </ClCompile>
    <ClCompile Include="..\..\..\..\%40Libraries\CSocketServer\CSocketServer_Accept.Cpp">
      <Filter>Classes &amp; Libraries\CSocketServer</Filter>
    </ClCompile>
    <ClCompile Include="..\..\..\..\%40Libraries\CSocketServer\CSocketServer_ClassProperties.Cpp">
      <Filter>Classes &amp; Libraries\CSocketServer</Filter>
    </ClCompile>
    <ClCompile Include="..\..\..\..\%40Libraries\CSocketServer\CSocketServer_ClientProperties.Cpp">
      <Filter>Classes &amp; Libraries\CSocketServer</Filter>
    </ClCompile>
    <ClCompile Include="..\..\..\..\%40Libraries\CSocketServer\CSocketServer_ClientThread.Cpp">
      <Filter>Classes &amp; Libraries\CSocketServer</Filter>
    </ClCompile>
    <ClCompile Include="..\..\..\..\%40Libraries\CSocketServer\CSocketServer_Command.Cpp">
      <Filter>Classes &amp; Libraries\CSocketServer</Filter>
    </ClCompile>
    <ClCompile Include="..\..\..\..\%40Libraries\CSocketServer\CSocketServer_Connect.Cpp">
      <Filter>Classes &amp; Libraries\CSocketServer</Filter>
    </ClCompile>
    <ClCompile Include="..\..\..\..\%40Libraries\CSocketServer\CSocketServer_Events.Cpp">
      <Filter>Classes &amp; Libraries\CSocketServer</Filter>
    </ClCompile>
    <ClCompile Include="..\..\..\..\%40Libraries\CSocketServer\CSocketServer_Initialize.Cpp">
      <Filter>Classes &amp; Libraries\CSocketServer</Filter>
    </ClCompile>
    <ClCompile Include="..\..\..\..\%40Libraries\CSocketServer\CSocketServer_Internal.Cpp">
      <Filter>Classes &amp; Libraries\CSocketServer</Filter>
    </ClCompile>
    <ClCompile Include="..\..\..\..\%40Libraries\CSocketServer\CSocketServer_Locks.Cpp">
      <Filter>Classes &amp; Libraries\CSocketServer</Filter>
    </ClCompile>
    <ClCompile Include="..\..\..\..\%40Libraries\CSocketServer\CSocketServer_Memory.Cpp">
      <Filter>Classes &amp; Libraries\CSocketServer</Filter>
    </ClCompile>
    <ClCompile Include="..\..\..\..\%40Libraries\CSocketServer\CSocketServer_Packetize.Cpp">
      <Filter>Classes &amp; Libraries\CSocketServer</Filter>
    </ClCompile>
    <ClCompile Include="..\..\..\..\%40Libraries\CSocketServer\CSocketServer_PumpThread.Cpp">
      <Filter>Classes &amp; Libraries\CSocketServer</Filter>
    </ClCompile>
    <ClCompile Include="..\..\..\..\%40Libraries\CSocketServer\CSocketServer_Receive.Cpp">
      <Filter>Classes &amp; Libraries\CSocketServer</Filter>
    </ClCompile>
    <ClCompile Include="..\..\..\..\%40Libraries\CSocketServer\CSocketServer_Send.Cpp">
      <Filter>Classes &amp; Libraries\CSocketServer</Filter>
    </ClCompile>
    <ClCompile Include="..\..\..\..\%40Libraries\CSocketServer\CSocketServer_StartStop.Cpp">
      <Filter>Classes &amp; Libraries\CSocketServer</Filter>
    </ClCompile>
    <ClCompile Include="..\..\..\..\%40Libraries\CSocketServer\CSocketServer_Utilities.Cpp">
      <Filter>Classes &amp; Libraries\CSocketServer</Filter>
    </ClCompile>
    <ClCompile Include="..\..\..\..\%40Libraries\CSocketServer\CSocketServer_WSAInterface.Cpp">
      <Filter>Classes &amp; Libraries\CSocketServer</Filter>
    </ClCompile>
    <ClCompile Include="..\..\..\..\%40Libraries\CStringBuilder\CStringBuilder.Cpp">
      <Filter>Classes &amp; Libraries\CStringBuilder</Filter>
    </ClCompile>
    <ClCompile Include="..\..\..\..\%40Libraries\NSWFL\NSWFL_Conversion.Cpp">
      <Filter>Classes &amp; Libraries\NSWFL</Filter>
    </ClCompile>
    <ClCompile Include="..\..\..\..\%40Libraries\NSWFL\NSWFL_DateTime.Cpp">
      <Filter>Classes &amp; Libraries\NSWFL</Filter>
    </ClCompile>
    <ClCompile Include="..\..\..\..\%40Libraries\NSWFL\NSWFL_File.Cpp">
      <Filter>Classes &amp; Libraries\NSWFL</Filter>
    </ClCompile>
    <ClCompile Include="..\..\..\..\%40Libraries\NSWFL\NSWFL_KeyGeneration.Cpp">
      <Filter>Classes &amp; Libraries\NSWFL</Filter>
    </ClCompile>
    <ClCompile Include="..\..\..\..\%40Libraries\NSWFL\NSWFL_ListBox.Cpp">
      <Filter>Classes &amp; Libraries\NSWFL</Filter>
    </ClCompile>
    <ClCompile Include="..\..\..\..\%40Libraries\NSWFL\NSWFL_ListView.Cpp">
      <Filter>Classes &amp; Libraries\NSWFL</Filter>
    </ClCompile>
    <ClCompile Include="..\..\..\..\%40Libraries\NSWFL\NSWFL_Math.Cpp">
      <Filter>Classes &amp; Libraries\NSWFL</Filter>
    </ClCompile>
    <ClCompile Include="..\..\..\..\%40Libraries\NSWFL\NSWFL_Memory.Cpp">
      <Filter>Classes &amp; Libraries\NSWFL</Filter>
    </ClCompile>
    <ClCompile Include="..\..\..\..\%40Libraries\NSWFL\NSWFL_Menu.Cpp">
      <Filter>Classes &amp; Libraries\NSWFL</Filter>
    </ClCompile>
    <ClCompile Include="..\..\..\..\%40Libraries\NSWFL\NSWFL_Registry.Cpp">
      <Filter>Classes &amp; Libraries\NSWFL</Filter>
    </ClCompile>
    <ClCompile Include="..\..\..\..\%40Libraries\NSWFL\NSWFL_String.Cpp">
      <Filter>Classes &amp; Libraries\NSWFL</Filter>
    </ClCompile>
    <ClCompile Include="..\..\..\..\%40Libraries\NSWFL\NSWFL_System.Cpp">
      <Filter>Classes &amp; Libraries\NSWFL</Filter>
    </ClCompile>
    <ClCompile Include="..\..\..\..\%40Libraries\NSWFL\NSWFL_Types.Cpp">
      <Filter>Classes &amp; Libraries\NSWFL</Filter>
    </ClCompile>
    <ClCompile Include="..\..\..\..\%40Libraries\NSWFL\NSWFL_Windows.Cpp">
      <Filter>Classes &amp; Libraries\NSWFL</Filter>
    </ClCompile>
    <ClCompile Include="DummySrv.Cpp">
      <Filter>Source</Filter>
    </ClCompile>
  </ItemGroup>
  <ItemGroup>
    <ClInclude Include="..\..\..\..\%40Libraries\CSocketServer\CSocketServer.H">
      <Filter>Classes &amp; Libraries\CSocketServer</Filter>
    </ClInclude>
    <ClInclude Include="..\..\..\..\%40Libraries\CStringBuilder\CStringBuilder.H">
      <Filter>Classes &amp; Libraries\CStringBuilder</Filter>
    </ClInclude>
    <ClInclude Include="..\..\..\..\%40Libraries\NSWFL\NSWFL.h">
      <Filter>Classes &amp; Libraries\NSWFL</Filter>
    </ClInclude>
    <ClInclude Include="..\..\..\..\%40Libraries\NSWFL\NSWFL_Conversion.H">
      <Filter>Classes &amp; Libraries\NSWFL</Filter>
    </ClInclude>
    <ClInclude Include="..\..\..\..\%40Libraries\NSWFL\NSWFL_DateTime.H">
      <Filter>Classes &amp; Libraries\NSWFL</Filter>
    </ClInclude>
    <ClInclude Include="..\..\..\..\%40Libraries\NSWFL\NSWFL_File.H">
      <Filter>Classes &amp; Libraries\NSWFL</Filter>
    </ClInclude>
    <ClInclude Include="..\..\..\..\%40Libraries\NSWFL\NSWFL_KeyGeneration.H">
      <Filter>Classes &amp; Libraries\NSWFL</Filter>
    </ClInclude>
    <ClInclude Include="..\..\..\..\%40Libraries\NSWFL\NSWFL_ListBox.H">
      <Filter>Classes &amp; Libraries\NSWFL</Filter>
    </ClInclude>
    <ClInclude Include="..\..\..\..\%40Libraries\NSWFL\NSWFL_ListView.H">
      <Filter>Classes &amp; Libraries\NSWFL</Filter>
    </ClInclude>
    <ClInclude Include="..\..\..\..\%40Libraries\NSWFL\NSWFL_Math.H">
      <Filter>Classes &amp; Libraries\NSWFL</Filter>
    </ClInclude>
    <ClInclude Include="..\..\..\..\%40Libraries\NSWFL\NSWFL_Memory.H">
      <Filter>Classes &amp; Libraries\NSWFL</Filter>
    </ClInclude>
    <ClInclude Include="..\..\..\..\%40Libraries\NSWFL\NSWFL_Menu.H">
      <Filter>Classes &amp; Libraries\NSWFL</Filter>
    </ClInclude>
    <ClInclude Include="..\..\..\..\%40Libraries\NSWFL\NSWFL_Registry.H">
      <Filter>Classes &amp; Libraries\NSWFL</Filter>
    </ClInclude>
    <ClInclude Include="..\..\..\..\%40Libraries\NSWFL\NSWFL_String.H">
      <Filter>Classes &amp; Libraries\NSWFL</Filter>
    </ClInclude>
    <ClInclude Include="..\..\..\..\%40Libraries\NSWFL\NSWFL_System.H">
      <Filter>Classes &amp; Libraries\NSWFL</Filter>
    </ClInclude>
    <ClInclude Include="..\..\..\..\%40Libraries\NSWFL\NSWFL_Types.H">
      <Filter>Classes &amp; Libraries\NSWFL</Filter>
    </ClInclude>
    <ClInclude Include="..\..\..\..\%40Libraries\NSWFL\NSWFL_Windows.H">
      <Filter>Classes &amp; Libraries\NSWFL</Filter>
    </ClInclude>
  </ItemGroup>
  <ItemGroup>
    <None Include="..\..\..\..\%40Libraries\CSocketServer\Event Handlers.txt">
      <Filter>Classes &amp; Libraries\CSocketServer</Filter>
    </None>
  </ItemGroup>
</Project>